// !$*UTF8*$!
{
	archiveVersion = 1;
	classes = {
	};
	objectVersion = 46;
	objects = {

/* Begin PBXBuildFile section */
		C35373941D627DD100233C03 /* AppDelegate.swift in Sources */ = {isa = PBXBuildFile; fileRef = C35373931D627DD100233C03 /* AppDelegate.swift */; };
		C35373961D627DD100233C03 /* ViewController.swift in Sources */ = {isa = PBXBuildFile; fileRef = C35373951D627DD100233C03 /* ViewController.swift */; };
		C35373991D627DD100233C03 /* Main.storyboard in Resources */ = {isa = PBXBuildFile; fileRef = C35373971D627DD100233C03 /* Main.storyboard */; };
		C353739B1D627DD100233C03 /* Assets.xcassets in Resources */ = {isa = PBXBuildFile; fileRef = C353739A1D627DD100233C03 /* Assets.xcassets */; };
		C353739E1D627DD100233C03 /* LaunchScreen.storyboard in Resources */ = {isa = PBXBuildFile; fileRef = C353739C1D627DD100233C03 /* LaunchScreen.storyboard */; };
		C35373A61D627E0D00233C03 /* Line.swift in Sources */ = {isa = PBXBuildFile; fileRef = C35373A51D627E0D00233C03 /* Line.swift */; };
		C35373A81D627F2300233C03 /* DrawView.swift in Sources */ = {isa = PBXBuildFile; fileRef = C35373A71D627F2300233C03 /* DrawView.swift */; };
/* End PBXBuildFile section */

/* Begin PBXFileReference section */
		C35373901D627DD100233C03 /* TouchTracker.app */ = {isa = PBXFileReference; explicitFileType = wrapper.application; includeInIndex = 0; path = TouchTracker.app; sourceTree = BUILT_PRODUCTS_DIR; };
		C35373931D627DD100233C03 /* AppDelegate.swift */ = {isa = PBXFileReference; lastKnownFileType = sourcecode.swift; path = AppDelegate.swift; sourceTree = "<group>"; };
		C35373951D627DD100233C03 /* ViewController.swift */ = {isa = PBXFileReference; lastKnownFileType = sourcecode.swift; path = ViewController.swift; sourceTree = "<group>"; };
		C35373981D627DD100233C03 /* Base */ = {isa = PBXFileReference; lastKnownFileType = file.storyboard; name = Base; path = Base.lproj/Main.storyboard; sourceTree = "<group>"; };
		C353739A1D627DD100233C03 /* Assets.xcassets */ = {isa = PBXFileReference; lastKnownFileType = folder.assetcatalog; path = Assets.xcassets; sourceTree = "<group>"; };
		C353739D1D627DD100233C03 /* Base */ = {isa = PBXFileReference; lastKnownFileType = file.storyboard; name = Base; path = Base.lproj/LaunchScreen.storyboard; sourceTree = "<group>"; };
		C353739F1D627DD100233C03 /* Info.plist */ = {isa = PBXFileReference; lastKnownFileType = text.plist.xml; path = Info.plist; sourceTree = "<group>"; };
		C35373A51D627E0D00233C03 /* Line.swift */ = {isa = PBXFileReference; fileEncoding = 4; lastKnownFileType = sourcecode.swift; path = Line.swift; sourceTree = "<group>"; };
		C35373A71D627F2300233C03 /* DrawView.swift */ = {isa = PBXFileReference; fileEncoding = 4; lastKnownFileType = sourcecode.swift; path = DrawView.swift; sourceTree = "<group>"; };
/* End PBXFileReference section */

/* Begin PBXFrameworksBuildPhase section */
		C353738D1D627DD000233C03 /* Frameworks */ = {
			isa = PBXFrameworksBuildPhase;
			buildActionMask = 2147483647;
			files = (
			);
			runOnlyForDeploymentPostprocessing = 0;
		};
/* End PBXFrameworksBuildPhase section */

/* Begin PBXGroup section */
		C35373871D627DD000233C03 = {
			isa = PBXGroup;
			children = (
				C35373921D627DD100233C03 /* TouchTracker */,
				C35373911D627DD100233C03 /* Products */,
			);
			sourceTree = "<group>";
		};
		C35373911D627DD100233C03 /* Products */ = {
			isa = PBXGroup;
			children = (
				C35373901D627DD100233C03 /* TouchTracker.app */,
			);
			name = Products;
			sourceTree = "<group>";
		};
		C35373921D627DD100233C03 /* TouchTracker */ = {
			isa = PBXGroup;
			children = (
				C35373A51D627E0D00233C03 /* Line.swift */,
				C35373A71D627F2300233C03 /* DrawView.swift */,
				C35373931D627DD100233C03 /* AppDelegate.swift */,
				C35373951D627DD100233C03 /* ViewController.swift */,
				C35373971D627DD100233C03 /* Main.storyboard */,
				C353739A1D627DD100233C03 /* Assets.xcassets */,
				C353739C1D627DD100233C03 /* LaunchScreen.storyboard */,
				C353739F1D627DD100233C03 /* Info.plist */,
			);
			path = TouchTracker;
			sourceTree = "<group>";
		};
/* End PBXGroup section */

/* Begin PBXNativeTarget section */
		C353738F1D627DD000233C03 /* TouchTracker */ = {
			isa = PBXNativeTarget;
			buildConfigurationList = C35373A21D627DD100233C03 /* Build configuration list for PBXNativeTarget "TouchTracker" */;
			buildPhases = (
				C353738C1D627DD000233C03 /* Sources */,
				C353738D1D627DD000233C03 /* Frameworks */,
				C353738E1D627DD000233C03 /* Resources */,
			);
			buildRules = (
			);
			dependencies = (
			);
			name = TouchTracker;
			productName = TouchTracker;
			productReference = C35373901D627DD100233C03 /* TouchTracker.app */;
			productType = "com.apple.product-type.application";
		};
/* End PBXNativeTarget section */

/* Begin PBXProject section */
		C35373881D627DD000233C03 /* Project object */ = {
			isa = PBXProject;
			attributes = {
				LastSwiftUpdateCheck = 0730;
				LastUpgradeCheck = 0730;
				ORGANIZATIONNAME = "Angel Gomez Salazar";
				TargetAttributes = {
					C353738F1D627DD000233C03 = {
						CreatedOnToolsVersion = 7.3.1;
					};
				};
			};
			buildConfigurationList = C353738B1D627DD000233C03 /* Build configuration list for PBXProject "TouchTracker" */;
			compatibilityVersion = "Xcode 3.2";
			developmentRegion = English;
			hasScannedForEncodings = 0;
			knownRegions = (
				en,
				Base,
			);
			mainGroup = C35373871D627DD000233C03;
			productRefGroup = C35373911D627DD100233C03 /* Products */;
			projectDirPath = "";
			projectRoot = "";
			targets = (
				C353738F1D627DD000233C03 /* TouchTracker */,
			);
		};
/* End PBXProject section */

/* Begin PBXResourcesBuildPhase section */
		C353738E1D627DD000233C03 /* Resources */ = {
			isa = PBXResourcesBuildPhase;
			buildActionMask = 2147483647;
			files = (
				C353739E1D627DD100233C03 /* LaunchScreen.storyboard in Resources */,
				C353739B1D627DD100233C03 /* Assets.xcassets in Resources */,
				C35373991D627DD100233C03 /* Main.storyboard in Resources */,
			);
			runOnlyForDeploymentPostprocessing = 0;
		};
/* End PBXResourcesBuildPhase section */

/* Begin PBXSourcesBuildPhase section */
		C353738C1D627DD000233C03 /* Sources */ = {
			isa = PBXSourcesBuildPhase;
			buildActionMask = 2147483647;
			files = (
				C35373A61D627E0D00233C03 /* Line.swift in Sources */,
				C35373961D627DD100233C03 /* ViewController.swift in Sources */,
				C35373A81D627F2300233C03 /* DrawView.swift in Sources */,
				C35373941D627DD100233C03 /* AppDelegate.swift in Sources */,
			);
			runOnlyForDeploymentPostprocessing = 0;
		};
/* End PBXSourcesBuildPhase section */

/* Begin PBXVariantGroup section */
		C35373971D627DD100233C03 /* Main.storyboard */ = {
			isa = PBXVariantGroup;
			children = (
				C35373981D627DD100233C03 /* Base */,
			);
			name = Main.storyboard;
			sourceTree = "<group>";
		};
		C353739C1D627DD100233C03 /* LaunchScreen.storyboard */ = {
			isa = PBXVariantGroup;
			children = (
				C353739D1D627DD100233C03 /* Base */,
			);
			name = LaunchScreen.storyboard;
			sourceTree = "<group>";
		};
/* End PBXVariantGroup section */

/* Begin XCBuildConfiguration section */
		C35373A01D627DD100233C03 /* Debug */ = {
			isa = XCBuildConfiguration;
			buildSettings = {
				ALWAYS_SEARCH_USER_PATHS = NO;
				CLANG_ANALYZER_NONNULL = YES;
				CLANG_CXX_LANGUAGE_STANDARD = "gnu++0x";
				CLANG_CXX_LIBRARY = "libc++";
				CLANG_ENABLE_MODULES = YES;
				CLANG_ENABLE_OBJC_ARC = YES;
				CLANG_WARN_BOOL_CONVERSION = YES;
				CLANG_WARN_CONSTANT_CONVERSION = YES;
				CLANG_WARN_DIRECT_OBJC_ISA_USAGE = YES_ERROR;
				CLANG_WARN_EMPTY_BODY = YES;
				CLANG_WARN_ENUM_CONVERSION = YES;
				CLANG_WARN_INT_CONVERSION = YES;
				CLANG_WARN_OBJC_ROOT_CLASS = YES_ERROR;
				CLANG_WARN_UNREACHABLE_CODE = YES;
				CLANG_WARN__DUPLICATE_METHOD_MATCH = YES;
				"CODE_SIGN_IDENTITY[sdk=iphoneos*]" = "iPhone Developer";
				COPY_PHASE_STRIP = NO;
				DEBUG_INFORMATION_FORMAT = dwarf;
				ENABLE_STRICT_OBJC_MSGSEND = YES;
				ENABLE_TESTABILITY = YES;
				GCC_C_LANGUAGE_STANDARD = gnu99;
				GCC_DYNAMIC_NO_PIC = NO;
				GCC_NO_COMMON_BLOCKS = YES;
				GCC_OPTIMIZATION_LEVEL = 0;
				GCC_PREPROCESSOR_DEFINITIONS = (
					"DEBUG=1",
					"$(inherited)",
				);
				GCC_WARN_64_TO_32_BIT_CONVERSION = YES;
				GCC_WARN_ABOUT_RETURN_TYPE = YES_ERROR;
				GCC_WARN_UNDECLARED_SELECTOR = YES;
				GCC_WARN_UNINITIALIZED_AUTOS = YES_AGGRESSIVE;
				GCC_WARN_UNUSED_FUNCTION = YES;
				GCC_WARN_UNUSED_VARIABLE = YES;
				IPHONEOS_DEPLOYMENT_TARGET = 9.3;
				MTL_ENABLE_DEBUG_INFO = YES;
				ONLY_ACTIVE_ARCH = YES;
				SDKROOT = iphoneos;
				SWIFT_OPTIMIZATION_LEVEL = "-Onone";
				TARGETED_DEVICE_FAMILY = "1,2";
			};
			name = Debug;
		};
		C35373A11D627DD100233C03 /* Release */ = {
			isa = XCBuildConfiguration;
			buildSettings = {
				ALWAYS_SEARCH_USER_PATHS = NO;
				CLANG_ANALYZER_NONNULL = YES;
				CLANG_CXX_LANGUAGE_STANDARD = "gnu++0x";
				CLANG_CXX_LIBRARY = "libc++";
				CLANG_ENABLE_MODULES = YES;
				CLANG_ENABLE_OBJC_ARC = YES;
				CLANG_WARN_BOOL_CONVERSION = YES;
				CLANG_WARN_CONSTANT_CONVERSION = YES;
				CLANG_WARN_DIRECT_OBJC_ISA_USAGE = YES_ERROR;
				CLANG_WARN_EMPTY_BODY = YES;
				CLANG_WARN_ENUM_CONVERSION = YES;
				CLANG_WARN_INT_CONVERSION = YES;
				CLANG_WARN_OBJC_ROOT_CLASS = YES_ERROR;
				CLANG_WARN_UNREACHABLE_CODE = YES;
				CLANG_WARN__DUPLICATE_METHOD_MATCH = YES;
				"CODE_SIGN_IDENTITY[sdk=iphoneos*]" = "iPhone Developer";
				COPY_PHASE_STRIP = NO;
				DEBUG_INFORMATION_FORMAT = "dwarf-with-dsym";
				ENABLE_NS_ASSERTIONS = NO;
				ENABLE_STRICT_OBJC_MSGSEND = YES;
				GCC_C_LANGUAGE_STANDARD = gnu99;
				GCC_NO_COMMON_BLOCKS = YES;
				GCC_WARN_64_TO_32_BIT_CONVERSION = YES;
				GCC_WARN_ABOUT_RETURN_TYPE = YES_ERROR;
				GCC_WARN_UNDECLARED_SELECTOR = YES;
				GCC_WARN_UNINITIALIZED_AUTOS = YES_AGGRESSIVE;
				GCC_WARN_UNUSED_FUNCTION = YES;
				GCC_WARN_UNUSED_VARIABLE = YES;
				IPHONEOS_DEPLOYMENT_TARGET = 9.3;
				MTL_ENABLE_DEBUG_INFO = NO;
				SDKROOT = iphoneos;
				TARGETED_DEVICE_FAMILY = "1,2";
				VALIDATE_PRODUCT = YES;
			};
			name = Release;
		};
		C35373A31D627DD100233C03 /* Debug */ = {
			isa = XCBuildConfiguration;
			buildSettings = {
				ASSETCATALOG_COMPILER_APPICON_NAME = AppIcon;
				INFOPLIST_FILE = TouchTracker/Info.plist;
				LD_RUNPATH_SEARCH_PATHS = "$(inherited) @executable_path/Frameworks";
				PRODUCT_BUNDLE_IDENTIFIER = com.angelgomezsalazar.TouchTracker;
				PRODUCT_NAME = "$(TARGET_NAME)";
			};
			name = Debug;
		};
		C35373A41D627DD100233C03 /* Release */ = {
			isa = XCBuildConfiguration;
			buildSettings = {
				ASSETCATALOG_COMPILER_APPICON_NAME = AppIcon;
				INFOPLIST_FILE = TouchTracker/Info.plist;
				LD_RUNPATH_SEARCH_PATHS = "$(inherited) @executable_path/Frameworks";
				PRODUCT_BUNDLE_IDENTIFIER = com.angelgomezsalazar.TouchTracker;
				PRODUCT_NAME = "$(TARGET_NAME)";
			};
			name = Release;
		};
/* End XCBuildConfiguration section */

/* Begin XCConfigurationList section */
		C353738B1D627DD000233C03 /* Build configuration list for PBXProject "TouchTracker" */ = {
			isa = XCConfigurationList;
			buildConfigurations = (
				C35373A01D627DD100233C03 /* Debug */,
				C35373A11D627DD100233C03 /* Release */,
			);
			defaultConfigurationIsVisible = 0;
			defaultConfigurationName = Release;
		};
		C35373A21D627DD100233C03 /* Build configuration list for PBXNativeTarget "TouchTracker" */ = {
			isa = XCConfigurationList;
			buildConfigurations = (
				C35373A31D627DD100233C03 /* Debug */,
				C35373A41D627DD100233C03 /* Release */,
			);
			defaultConfigurationIsVisible = 0;
		};
/* End XCConfigurationList section */
	};
	rootObject = C35373881D627DD000233C03 /* Project object */;
}
